github.com/oze4/worker v0.0.0-20201001210148-5b171eb3955b h1:OWqhdMuYRP1RlLn9EzB/1kumk3qffVjy0iaL64OIXvA=
github.com/oze4/worker v0.0.0-20201001210148-5b171eb3955b/go.mod h1:9953tQR+PVF+shbPekrwx2AvVzcQwzXhMEwZxQMYa2w=
github.com/oze4/worker v0.0.1 h1:2VFc6BiYeDdX+PHV3vRfvj0WJdH3XkBQ0s7eamy1Ato=
github.com/oze4/worker v0.0.1/go.mod h1:9953tQR+PVF+shbPekrwx2AvVzcQwzXhMEwZxQMYa2w=
